
Microsoft Visual Studio Solution File, Format Version 12.00
# Visual Studio Version 17
VisualStudioVersion = 17.14.36414.22 d17.14
MinimumVisualStudioVersion = 10.0.40219.1
Project("{FAE04EC0-301F-11D3-BF4B-00C04F79EFBC}") = "DynamicsDIO", "DynamicsDIO\DynamicsDIO.csproj", "{A7F73C8A-3E6F-4E30-8B00-054AA613299C}"
EndProject
Global
	GlobalSection(SolutionConfigurationPlatforms) = preSolution
		Debug|Any CPU = Debug|Any CPU
		Release|Any CPU = Release|Any CPU
	EndGlobalSection
	GlobalSection(ProjectConfigurationPlatforms) = postSolution
		{A7F73C8A-3E6F-4E30-8B00-054AA613299C}.Debug|Any CPU.ActiveCfg = Debug|Any CPU
		{A7F73C8A-3E6F-4E30-8B00-054AA613299C}.Debug|Any CPU.Build.0 = Debug|Any CPU
		{A7F73C8A-3E6F-4E30-8B00-054AA613299C}.Release|Any CPU.ActiveCfg = Release|Any CPU
		{A7F73C8A-3E6F-4E30-8B00-054AA613299C}.Release|Any CPU.Build.0 = Release|Any CPU
	EndGlobalSection
	GlobalSection(SolutionProperties) = preSolution
		HideSolutionNode = FALSE
	EndGlobalSection
	GlobalSection(ExtensibilityGlobals) = postSolution
		SolutionGuid = {E26DD9F6-9F21-4BC5-BDC1-D2B9855F9401}
	EndGlobalSection
EndGlobal
